
Microsoft Visual Studio Solution File, Format Version 12.00
# Visual Studio 14
VisualStudioVersion = 14.0.25420.1
MinimumVisualStudioVersion = 10.0.40219.1
Project("{FAE04EC0-301F-11D3-BF4B-00C04F79EFBC}") = "Cake.XComponent", "Cake.XComponent\Cake.XComponent.csproj", "{2B302A0A-DD28-4941-9E88-7789590DAF5C}"
EndProject
Project("{2150E333-8FDC-42A3-9474-1A3956D46DE8}") = "Solution Items", "Solution Items", "{5044E72B-A655-422E-B462-BEFA1DEB31AB}"
	ProjectSection(SolutionItems) = preProject
		build.cake = build.cake
	EndProjectSection
EndProject
Global
	GlobalSection(SolutionConfigurationPlatforms) = preSolution
		Debug|Any CPU = Debug|Any CPU
		Release|Any CPU = Release|Any CPU
	EndGlobalSection
	GlobalSection(ProjectConfigurationPlatforms) = postSolution
		{2B302A0A-DD28-4941-9E88-7789590DAF5C}.Debug|Any CPU.ActiveCfg = Debug|Any CPU
		{2B302A0A-DD28-4941-9E88-7789590DAF5C}.Debug|Any CPU.Build.0 = Debug|Any CPU
		{2B302A0A-DD28-4941-9E88-7789590DAF5C}.Release|Any CPU.ActiveCfg = Release|Any CPU
		{2B302A0A-DD28-4941-9E88-7789590DAF5C}.Release|Any CPU.Build.0 = Release|Any CPU
	EndGlobalSection
	GlobalSection(SolutionProperties) = preSolution
		HideSolutionNode = FALSE
	EndGlobalSection
EndGlobal
