
Microsoft Visual Studio Solution File, Format Version 12.00
# Visual Studio 15
VisualStudioVersion = 15.0.27130.2027
MinimumVisualStudioVersion = 10.0.40219.1
Project("{2150E333-8FDC-42A3-9474-1A3956D46DE8}") = "Solution Items", "Solution Items", "{5044E72B-A655-422E-B462-BEFA1DEB31AB}"
	ProjectSection(SolutionItems) = preProject
		build.cake = build.cake
	EndProjectSection
EndProject
Project("{9A19103F-16F7-4668-BE54-9A1E7A4F7556}") = "Cake.XComponent", "Cake.XComponent\Cake.XComponent.csproj", "{A79659F8-6B6A-4E67-AE59-005B295681E0}"
EndProject
Project("{9A19103F-16F7-4668-BE54-9A1E7A4F7556}") = "Cake.XComponent.Test", "Cake.XComponent.Test\Cake.XComponent.Test.csproj", "{15132C77-59E2-4079-B5A9-0D48D9C3C9C2}"
EndProject
Global
	GlobalSection(SolutionConfigurationPlatforms) = preSolution
		Debug|Any CPU = Debug|Any CPU
		Release|Any CPU = Release|Any CPU
	EndGlobalSection
	GlobalSection(ProjectConfigurationPlatforms) = postSolution
		{A79659F8-6B6A-4E67-AE59-005B295681E0}.Debug|Any CPU.ActiveCfg = Debug|Any CPU
		{A79659F8-6B6A-4E67-AE59-005B295681E0}.Debug|Any CPU.Build.0 = Debug|Any CPU
		{A79659F8-6B6A-4E67-AE59-005B295681E0}.Release|Any CPU.ActiveCfg = Release|Any CPU
		{A79659F8-6B6A-4E67-AE59-005B295681E0}.Release|Any CPU.Build.0 = Release|Any CPU
		{15132C77-59E2-4079-B5A9-0D48D9C3C9C2}.Debug|Any CPU.ActiveCfg = Debug|Any CPU
		{15132C77-59E2-4079-B5A9-0D48D9C3C9C2}.Debug|Any CPU.Build.0 = Debug|Any CPU
		{15132C77-59E2-4079-B5A9-0D48D9C3C9C2}.Release|Any CPU.ActiveCfg = Release|Any CPU
		{15132C77-59E2-4079-B5A9-0D48D9C3C9C2}.Release|Any CPU.Build.0 = Release|Any CPU
	EndGlobalSection
	GlobalSection(SolutionProperties) = preSolution
		HideSolutionNode = FALSE
	EndGlobalSection
	GlobalSection(ExtensibilityGlobals) = postSolution
		SolutionGuid = {97837B70-E408-4EEE-B378-51DB1E1082E3}
	EndGlobalSection
EndGlobal
